
Microsoft Visual Studio Solution File, Format Version 12.00
# Visual Studio Version 17
VisualStudioVersion = 17.14.36623.8 d17.14
MinimumVisualStudioVersion = 10.0.40219.1
Project("{FAE04EC0-301F-11D3-BF4B-00C04F79EFBC}") = "CTFServer", "CTFServer\CTFServer.csproj", "{9416D097-E679-4D66-B9FB-39CE91508B08}"
EndProject
Global
	GlobalSection(SolutionConfigurationPlatforms) = preSolution
		Debug|Any CPU = Debug|Any CPU
		Release|Any CPU = Release|Any CPU
	EndGlobalSection
	GlobalSection(ProjectConfigurationPlatforms) = postSolution
		{9416D097-E679-4D66-B9FB-39CE91508B08}.Debug|Any CPU.ActiveCfg = Debug|Any CPU
		{9416D097-E679-4D66-B9FB-39CE91508B08}.Debug|Any CPU.Build.0 = Debug|Any CPU
		{9416D097-E679-4D66-B9FB-39CE91508B08}.Release|Any CPU.ActiveCfg = Release|Any CPU
		{9416D097-E679-4D66-B9FB-39CE91508B08}.Release|Any CPU.Build.0 = Release|Any CPU
	EndGlobalSection
	GlobalSection(SolutionProperties) = preSolution
		HideSolutionNode = FALSE
	EndGlobalSection
	GlobalSection(ExtensibilityGlobals) = postSolution
		SolutionGuid = {7A9EB1D6-969D-49C0-A123-03FAD53EEED4}
	EndGlobalSection
EndGlobal
